
Microsoft Visual Studio Solution File, Format Version 12.00
Project("{FAE04EC0-301F-11D3-BF4B-00C04F79EFBC}") = "Sudoku Solver", "Sudoku Solver\Sudoku Solver.csproj", "{D4432DDB-7D31-480E-A755-7013585C619C}"
EndProject
Project("{FAE04EC0-301F-11D3-BF4B-00C04F79EFBC}") = "SudokuTests", "SudokuTests\SudokuTests.csproj", "{EAE02C74-D925-45A5-9207-489EC397A9F6}"
EndProject
Global
	GlobalSection(SolutionConfigurationPlatforms) = preSolution
		Debug|Any CPU = Debug|Any CPU
		Release|Any CPU = Release|Any CPU
	EndGlobalSection
	GlobalSection(ProjectConfigurationPlatforms) = postSolution
		{D4432DDB-7D31-480E-A755-7013585C619C}.Debug|Any CPU.ActiveCfg = Debug|Any CPU
		{D4432DDB-7D31-480E-A755-7013585C619C}.Debug|Any CPU.Build.0 = Debug|Any CPU
		{D4432DDB-7D31-480E-A755-7013585C619C}.Release|Any CPU.ActiveCfg = Release|Any CPU
		{D4432DDB-7D31-480E-A755-7013585C619C}.Release|Any CPU.Build.0 = Release|Any CPU
		{EAE02C74-D925-45A5-9207-489EC397A9F6}.Debug|Any CPU.ActiveCfg = Debug|Any CPU
		{EAE02C74-D925-45A5-9207-489EC397A9F6}.Debug|Any CPU.Build.0 = Debug|Any CPU
		{EAE02C74-D925-45A5-9207-489EC397A9F6}.Release|Any CPU.ActiveCfg = Release|Any CPU
		{EAE02C74-D925-45A5-9207-489EC397A9F6}.Release|Any CPU.Build.0 = Release|Any CPU
	EndGlobalSection
EndGlobal
